
Microsoft Visual Studio Solution File, Format Version 12.00
# Visual Studio Version 16
VisualStudioVersion = 16.0.29920.165
MinimumVisualStudioVersion = 10.0.40219.1
Project("{FAE04EC0-301F-11D3-BF4B-00C04F79EFBC}") = "Homework3 task1_a", "Homework3 task1_a.csproj", "{A5DDB85F-7FE7-48EE-B205-C78A75F8ED68}"
EndProject
Project("{FAE04EC0-301F-11D3-BF4B-00C04F79EFBC}") = "Homework3 task1_b_v", "..\HW3-1b\Homework3 task1_b_v.csproj", "{0C92E02F-0991-42EE-91A5-823B4BB62CA5}"
EndProject
Project("{FAE04EC0-301F-11D3-BF4B-00C04F79EFBC}") = "Homework3 task2", "..\Homework3 task2\Homework3 task2.csproj", "{693FACCD-5887-40E5-8A18-B55AD89C5443}"
EndProject
Global
	GlobalSection(SolutionConfigurationPlatforms) = preSolution
		Debug|Any CPU = Debug|Any CPU
		Release|Any CPU = Release|Any CPU
	EndGlobalSection
	GlobalSection(ProjectConfigurationPlatforms) = postSolution
		{A5DDB85F-7FE7-48EE-B205-C78A75F8ED68}.Debug|Any CPU.ActiveCfg = Debug|Any CPU
		{A5DDB85F-7FE7-48EE-B205-C78A75F8ED68}.Debug|Any CPU.Build.0 = Debug|Any CPU
		{A5DDB85F-7FE7-48EE-B205-C78A75F8ED68}.Release|Any CPU.ActiveCfg = Release|Any CPU
		{A5DDB85F-7FE7-48EE-B205-C78A75F8ED68}.Release|Any CPU.Build.0 = Release|Any CPU
		{0C92E02F-0991-42EE-91A5-823B4BB62CA5}.Debug|Any CPU.ActiveCfg = Debug|Any CPU
		{0C92E02F-0991-42EE-91A5-823B4BB62CA5}.Debug|Any CPU.Build.0 = Debug|Any CPU
		{0C92E02F-0991-42EE-91A5-823B4BB62CA5}.Release|Any CPU.ActiveCfg = Release|Any CPU
		{0C92E02F-0991-42EE-91A5-823B4BB62CA5}.Release|Any CPU.Build.0 = Release|Any CPU
		{693FACCD-5887-40E5-8A18-B55AD89C5443}.Debug|Any CPU.ActiveCfg = Debug|Any CPU
		{693FACCD-5887-40E5-8A18-B55AD89C5443}.Debug|Any CPU.Build.0 = Debug|Any CPU
		{693FACCD-5887-40E5-8A18-B55AD89C5443}.Release|Any CPU.ActiveCfg = Release|Any CPU
		{693FACCD-5887-40E5-8A18-B55AD89C5443}.Release|Any CPU.Build.0 = Release|Any CPU
	EndGlobalSection
	GlobalSection(SolutionProperties) = preSolution
		HideSolutionNode = FALSE
	EndGlobalSection
	GlobalSection(ExtensibilityGlobals) = postSolution
		SolutionGuid = {988C0A77-8AE6-415A-A71B-1BD7705A9FA3}
	EndGlobalSection
EndGlobal
