
Microsoft Visual Studio Solution File, Format Version 12.00
# Visual Studio Version 16
VisualStudioVersion = 16.0.29920.165
MinimumVisualStudioVersion = 10.0.40219.1
Project("{FAE04EC0-301F-11D3-BF4B-00C04F79EFBC}") = "MyNewForm", "MyNewForm.csproj", "{A8104E83-7BB7-40D4-9FEB-30B3C404C215}"
EndProject
Project("{FAE04EC0-301F-11D3-BF4B-00C04F79EFBC}") = "FindNumber", "..\FindNumber\FindNumber.csproj", "{B337F7C0-8E1F-4FC5-A547-230F969D7A34}"
EndProject
Project("{FAE04EC0-301F-11D3-BF4B-00C04F79EFBC}") = "FindNumber1", "..\FindNumber1\FindNumber1.csproj", "{34E1FE64-2AA1-41E1-808D-4D64A0476482}"
EndProject
Global
	GlobalSection(SolutionConfigurationPlatforms) = preSolution
		Debug|Any CPU = Debug|Any CPU
		Release|Any CPU = Release|Any CPU
	EndGlobalSection
	GlobalSection(ProjectConfigurationPlatforms) = postSolution
		{A8104E83-7BB7-40D4-9FEB-30B3C404C215}.Debug|Any CPU.ActiveCfg = Debug|Any CPU
		{A8104E83-7BB7-40D4-9FEB-30B3C404C215}.Debug|Any CPU.Build.0 = Debug|Any CPU
		{A8104E83-7BB7-40D4-9FEB-30B3C404C215}.Release|Any CPU.ActiveCfg = Release|Any CPU
		{A8104E83-7BB7-40D4-9FEB-30B3C404C215}.Release|Any CPU.Build.0 = Release|Any CPU
		{B337F7C0-8E1F-4FC5-A547-230F969D7A34}.Debug|Any CPU.ActiveCfg = Debug|Any CPU
		{B337F7C0-8E1F-4FC5-A547-230F969D7A34}.Debug|Any CPU.Build.0 = Debug|Any CPU
		{B337F7C0-8E1F-4FC5-A547-230F969D7A34}.Release|Any CPU.ActiveCfg = Release|Any CPU
		{B337F7C0-8E1F-4FC5-A547-230F969D7A34}.Release|Any CPU.Build.0 = Release|Any CPU
		{34E1FE64-2AA1-41E1-808D-4D64A0476482}.Debug|Any CPU.ActiveCfg = Debug|Any CPU
		{34E1FE64-2AA1-41E1-808D-4D64A0476482}.Debug|Any CPU.Build.0 = Debug|Any CPU
		{34E1FE64-2AA1-41E1-808D-4D64A0476482}.Release|Any CPU.ActiveCfg = Release|Any CPU
		{34E1FE64-2AA1-41E1-808D-4D64A0476482}.Release|Any CPU.Build.0 = Release|Any CPU
	EndGlobalSection
	GlobalSection(SolutionProperties) = preSolution
		HideSolutionNode = FALSE
	EndGlobalSection
	GlobalSection(ExtensibilityGlobals) = postSolution
		SolutionGuid = {F63DDF2D-1992-4B97-A326-3B534D07720C}
	EndGlobalSection
EndGlobal
